
Microsoft Visual Studio Solution File, Format Version 12.00
# Visual Studio 2015
Project("{FAE04EC0-301F-11D3-BF4B-00C04F79EFBC}") = "super ball.Plugins", "super ball.Plugins.csproj", "{6FCF113F-D69D-F863-A80D-F470B9AC7878}"
EndProject
Project("{FAE04EC0-301F-11D3-BF4B-00C04F79EFBC}") = "super ball", "super ball.csproj", "{B1B9346E-5B9A-8499-DEBE-CA76DDAF59F6}"
EndProject
Project("{FAE04EC0-301F-11D3-BF4B-00C04F79EFBC}") = "super ball.Editor", "super ball.Editor.csproj", "{B7A4D82D-CCA6-CE34-F308-5139A456BF70}"
EndProject
Global
	GlobalSection(SolutionConfigurationPlatforms) = preSolution
		Debug|Any CPU = Debug|Any CPU
		Release|Any CPU = Release|Any CPU
	EndGlobalSection
	GlobalSection(ProjectConfigurationPlatforms) = postSolution
		{6FCF113F-D69D-F863-A80D-F470B9AC7878}.Debug|Any CPU.ActiveCfg = Debug|Any CPU
		{6FCF113F-D69D-F863-A80D-F470B9AC7878}.Debug|Any CPU.Build.0 = Debug|Any CPU
		{6FCF113F-D69D-F863-A80D-F470B9AC7878}.Release|Any CPU.ActiveCfg = Release|Any CPU
		{6FCF113F-D69D-F863-A80D-F470B9AC7878}.Release|Any CPU.Build.0 = Release|Any CPU
		{B1B9346E-5B9A-8499-DEBE-CA76DDAF59F6}.Debug|Any CPU.ActiveCfg = Debug|Any CPU
		{B1B9346E-5B9A-8499-DEBE-CA76DDAF59F6}.Debug|Any CPU.Build.0 = Debug|Any CPU
		{B1B9346E-5B9A-8499-DEBE-CA76DDAF59F6}.Release|Any CPU.ActiveCfg = Release|Any CPU
		{B1B9346E-5B9A-8499-DEBE-CA76DDAF59F6}.Release|Any CPU.Build.0 = Release|Any CPU
		{B7A4D82D-CCA6-CE34-F308-5139A456BF70}.Debug|Any CPU.ActiveCfg = Debug|Any CPU
		{B7A4D82D-CCA6-CE34-F308-5139A456BF70}.Debug|Any CPU.Build.0 = Debug|Any CPU
		{B7A4D82D-CCA6-CE34-F308-5139A456BF70}.Release|Any CPU.ActiveCfg = Release|Any CPU
		{B7A4D82D-CCA6-CE34-F308-5139A456BF70}.Release|Any CPU.Build.0 = Release|Any CPU
	EndGlobalSection
	GlobalSection(SolutionProperties) = preSolution
		HideSolutionNode = FALSE
	EndGlobalSection
EndGlobal
